
Microsoft Visual Studio Solution File, Format Version 12.00
# Visual Studio 15
VisualStudioVersion = 15.0.27428.2037
MinimumVisualStudioVersion = 10.0.40219.1
Project("{FAE04EC0-301F-11D3-BF4B-00C04F79EFBC}") = "Loto", "Loto\Loto.csproj", "{6B08C3E1-AB3B-4E69-ABF2-AB71195645DD}"
EndProject
Project("{FAE04EC0-301F-11D3-BF4B-00C04F79EFBC}") = "DelegateMvc", "DelegateMvc\DelegateMvc.csproj", "{EBCA3660-5530-4E08-A9B6-2C86D077D138}"
EndProject
Project("{FAE04EC0-301F-11D3-BF4B-00C04F79EFBC}") = "CalculOralConsole", "ExCalculOralConsole\CalculOralConsole.csproj", "{445821A4-0975-4AA4-9063-A5A1886AAE59}"
EndProject
Project("{FAE04EC0-301F-11D3-BF4B-00C04F79EFBC}") = "CalculOralObjet", "ExCalculOralObjet\CalculOralObjet.csproj", "{4E4FE5AA-59CD-4ACD-9539-BEE8012EDE50}"
EndProject
Project("{FAE04EC0-301F-11D3-BF4B-00C04F79EFBC}") = "CalculOralWinform", "ExCalculOralWinform\CalculOralWinform.csproj", "{60206668-A8B5-4E48-AA1C-17D1ECDEB755}"
EndProject
Project("{FAE04EC0-301F-11D3-BF4B-00C04F79EFBC}") = "CalculMoyenne", "CalculMoyenne\CalculMoyenne.csproj", "{E3FB9536-9A30-472E-A368-14D1CC105089}"
EndProject
Global
	GlobalSection(SolutionConfigurationPlatforms) = preSolution
		Debug|Any CPU = Debug|Any CPU
		Release|Any CPU = Release|Any CPU
	EndGlobalSection
	GlobalSection(ProjectConfigurationPlatforms) = postSolution
		{6B08C3E1-AB3B-4E69-ABF2-AB71195645DD}.Debug|Any CPU.ActiveCfg = Debug|Any CPU
		{6B08C3E1-AB3B-4E69-ABF2-AB71195645DD}.Debug|Any CPU.Build.0 = Debug|Any CPU
		{6B08C3E1-AB3B-4E69-ABF2-AB71195645DD}.Release|Any CPU.ActiveCfg = Release|Any CPU
		{6B08C3E1-AB3B-4E69-ABF2-AB71195645DD}.Release|Any CPU.Build.0 = Release|Any CPU
		{EBCA3660-5530-4E08-A9B6-2C86D077D138}.Debug|Any CPU.ActiveCfg = Debug|Any CPU
		{EBCA3660-5530-4E08-A9B6-2C86D077D138}.Debug|Any CPU.Build.0 = Debug|Any CPU
		{EBCA3660-5530-4E08-A9B6-2C86D077D138}.Release|Any CPU.ActiveCfg = Release|Any CPU
		{EBCA3660-5530-4E08-A9B6-2C86D077D138}.Release|Any CPU.Build.0 = Release|Any CPU
		{445821A4-0975-4AA4-9063-A5A1886AAE59}.Debug|Any CPU.ActiveCfg = Debug|Any CPU
		{445821A4-0975-4AA4-9063-A5A1886AAE59}.Debug|Any CPU.Build.0 = Debug|Any CPU
		{445821A4-0975-4AA4-9063-A5A1886AAE59}.Release|Any CPU.ActiveCfg = Release|Any CPU
		{445821A4-0975-4AA4-9063-A5A1886AAE59}.Release|Any CPU.Build.0 = Release|Any CPU
		{4E4FE5AA-59CD-4ACD-9539-BEE8012EDE50}.Debug|Any CPU.ActiveCfg = Debug|Any CPU
		{4E4FE5AA-59CD-4ACD-9539-BEE8012EDE50}.Debug|Any CPU.Build.0 = Debug|Any CPU
		{4E4FE5AA-59CD-4ACD-9539-BEE8012EDE50}.Release|Any CPU.ActiveCfg = Release|Any CPU
		{4E4FE5AA-59CD-4ACD-9539-BEE8012EDE50}.Release|Any CPU.Build.0 = Release|Any CPU
		{60206668-A8B5-4E48-AA1C-17D1ECDEB755}.Debug|Any CPU.ActiveCfg = Debug|Any CPU
		{60206668-A8B5-4E48-AA1C-17D1ECDEB755}.Debug|Any CPU.Build.0 = Debug|Any CPU
		{60206668-A8B5-4E48-AA1C-17D1ECDEB755}.Release|Any CPU.ActiveCfg = Release|Any CPU
		{60206668-A8B5-4E48-AA1C-17D1ECDEB755}.Release|Any CPU.Build.0 = Release|Any CPU
		{E3FB9536-9A30-472E-A368-14D1CC105089}.Debug|Any CPU.ActiveCfg = Debug|Any CPU
		{E3FB9536-9A30-472E-A368-14D1CC105089}.Debug|Any CPU.Build.0 = Debug|Any CPU
		{E3FB9536-9A30-472E-A368-14D1CC105089}.Release|Any CPU.ActiveCfg = Release|Any CPU
		{E3FB9536-9A30-472E-A368-14D1CC105089}.Release|Any CPU.Build.0 = Release|Any CPU
	EndGlobalSection
	GlobalSection(SolutionProperties) = preSolution
		HideSolutionNode = FALSE
	EndGlobalSection
	GlobalSection(ExtensibilityGlobals) = postSolution
		SolutionGuid = {45669638-81C8-4AD1-AEDE-C699CF4DC8F3}
	EndGlobalSection
EndGlobal
